// !$*UTF8*$!
{
	archiveVersion = 1;
	classes = {
	};
	objectVersion = 46;
	objects = {

/* Begin PBXBuildFile section */
		CF1E36DF1E84CF7100675DB0 /* AppDelegate.swift in Sources */ = {isa = PBXBuildFile; fileRef = CF1E36DE1E84CF7100675DB0 /* AppDelegate.swift */; };
		CF1E36E11E84CF7100675DB0 /* ViewController.swift in Sources */ = {isa = PBXBuildFile; fileRef = CF1E36E01E84CF7100675DB0 /* ViewController.swift */; };
		CF1E36E41E84CF7100675DB0 /* Main.storyboard in Resources */ = {isa = PBXBuildFile; fileRef = CF1E36E21E84CF7100675DB0 /* Main.storyboard */; };
		CF1E36E61E84CF7100675DB0 /* Assets.xcassets in Resources */ = {isa = PBXBuildFile; fileRef = CF1E36E51E84CF7100675DB0 /* Assets.xcassets */; };
		CF1E36E91E84CF7100675DB0 /* LaunchScreen.storyboard in Resources */ = {isa = PBXBuildFile; fileRef = CF1E36E71E84CF7100675DB0 /* LaunchScreen.storyboard */; };
		CF1E36F41E84CF7100675DB0 /* SwiftUI06__collectionview______Tests.swift in Sources */ = {isa = PBXBuildFile; fileRef = CF1E36F31E84CF7100675DB0 /* SwiftUI06__collectionview______Tests.swift */; };
		CF1E36FF1E84CF7100675DB0 /* SwiftUI06__collectionview______UITests.swift in Sources */ = {isa = PBXBuildFile; fileRef = CF1E36FE1E84CF7100675DB0 /* SwiftUI06__collectionview______UITests.swift */; };
		CF1E370D1E84E10500675DB0 /* WaterCollectionViewLayout.swift in Sources */ = {isa = PBXBuildFile; fileRef = CF1E370C1E84E10500675DB0 /* WaterCollectionViewLayout.swift */; };
		CF443FA31E94CAF3008B4382 /* aion1.jpg in Resources */ = {isa = PBXBuildFile; fileRef = CF443F971E94CAF3008B4382 /* aion1.jpg */; };
		CF443FA41E94CAF3008B4382 /* aion10.jpg in Resources */ = {isa = PBXBuildFile; fileRef = CF443F981E94CAF3008B4382 /* aion10.jpg */; };
		CF443FA51E94CAF3008B4382 /* aion11.jpg in Resources */ = {isa = PBXBuildFile; fileRef = CF443F991E94CAF3008B4382 /* aion11.jpg */; };
		CF443FA61E94CAF3008B4382 /* aion12.jpg in Resources */ = {isa = PBXBuildFile; fileRef = CF443F9A1E94CAF3008B4382 /* aion12.jpg */; };
		CF443FA71E94CAF3008B4382 /* aion2.jpg in Resources */ = {isa = PBXBuildFile; fileRef = CF443F9B1E94CAF3008B4382 /* aion2.jpg */; };
		CF443FA81E94CAF3008B4382 /* aion3.jpg in Resources */ = {isa = PBXBuildFile; fileRef = CF443F9C1E94CAF3008B4382 /* aion3.jpg */; };
		CF443FA91E94CAF3008B4382 /* aion4.jpg in Resources */ = {isa = PBXBuildFile; fileRef = CF443F9D1E94CAF3008B4382 /* aion4.jpg */; };
		CF443FAA1E94CAF3008B4382 /* aion5.jpg in Resources */ = {isa = PBXBuildFile; fileRef = CF443F9E1E94CAF3008B4382 /* aion5.jpg */; };
		CF443FAB1E94CAF3008B4382 /* aion6.jpg in Resources */ = {isa = PBXBuildFile; fileRef = CF443F9F1E94CAF3008B4382 /* aion6.jpg */; };
		CF443FAC1E94CAF3008B4382 /* aion7.jpg in Resources */ = {isa = PBXBuildFile; fileRef = CF443FA01E94CAF3008B4382 /* aion7.jpg */; };
		CF443FAD1E94CAF3008B4382 /* aion8.jpg in Resources */ = {isa = PBXBuildFile; fileRef = CF443FA11E94CAF3008B4382 /* aion8.jpg */; };
		CF443FAE1E94CAF3008B4382 /* aion9.jpg in Resources */ = {isa = PBXBuildFile; fileRef = CF443FA21E94CAF3008B4382 /* aion9.jpg */; };
		CF443FB01E94D704008B4382 /* WaterButton.swift in Sources */ = {isa = PBXBuildFile; fileRef = CF443FAF1E94D704008B4382 /* WaterButton.swift */; };
/* End PBXBuildFile section */

/* Begin PBXContainerItemProxy section */
		CF1E36F01E84CF7100675DB0 /* PBXContainerItemProxy */ = {
			isa = PBXContainerItemProxy;
			containerPortal = CF1E36D31E84CF7100675DB0 /* Project object */;
			proxyType = 1;
			remoteGlobalIDString = CF1E36DA1E84CF7100675DB0;
			remoteInfo = "SwiftUI06--collectionview实现的瀑布流";
		};
		CF1E36FB1E84CF7100675DB0 /* PBXContainerItemProxy */ = {
			isa = PBXContainerItemProxy;
			containerPortal = CF1E36D31E84CF7100675DB0 /* Project object */;
			proxyType = 1;
			remoteGlobalIDString = CF1E36DA1E84CF7100675DB0;
			remoteInfo = "SwiftUI06--collectionview实现的瀑布流";
		};
/* End PBXContainerItemProxy section */

/* Begin PBXFileReference section */
		CF1E36DB1E84CF7100675DB0 /* SwiftUI06--collectionview实现的瀑布流.app */ = {isa = PBXFileReference; explicitFileType = wrapper.application; includeInIndex = 0; path = "SwiftUI06--collectionview实现的瀑布流.app"; sourceTree = BUILT_PRODUCTS_DIR; };
		CF1E36DE1E84CF7100675DB0 /* AppDelegate.swift */ = {isa = PBXFileReference; lastKnownFileType = sourcecode.swift; path = AppDelegate.swift; sourceTree = "<group>"; };
		CF1E36E01E84CF7100675DB0 /* ViewController.swift */ = {isa = PBXFileReference; lastKnownFileType = sourcecode.swift; path = ViewController.swift; sourceTree = "<group>"; };
		CF1E36E31E84CF7100675DB0 /* Base */ = {isa = PBXFileReference; lastKnownFileType = file.storyboard; name = Base; path = Base.lproj/Main.storyboard; sourceTree = "<group>"; };
		CF1E36E51E84CF7100675DB0 /* Assets.xcassets */ = {isa = PBXFileReference; lastKnownFileType = folder.assetcatalog; path = Assets.xcassets; sourceTree = "<group>"; };
		CF1E36E81E84CF7100675DB0 /* Base */ = {isa = PBXFileReference; lastKnownFileType = file.storyboard; name = Base; path = Base.lproj/LaunchScreen.storyboard; sourceTree = "<group>"; };
		CF1E36EA1E84CF7100675DB0 /* Info.plist */ = {isa = PBXFileReference; lastKnownFileType = text.plist.xml; path = Info.plist; sourceTree = "<group>"; };
		CF1E36EF1E84CF7100675DB0 /* SwiftUI06--collectionview实现的瀑布流Tests.xctest */ = {isa = PBXFileReference; explicitFileType = wrapper.cfbundle; includeInIndex = 0; path = "SwiftUI06--collectionview实现的瀑布流Tests.xctest"; sourceTree = BUILT_PRODUCTS_DIR; };
		CF1E36F31E84CF7100675DB0 /* SwiftUI06__collectionview______Tests.swift */ = {isa = PBXFileReference; lastKnownFileType = sourcecode.swift; path = "SwiftUI06__collectionview______Tests.swift"; sourceTree = "<group>"; };
		CF1E36F51E84CF7100675DB0 /* Info.plist */ = {isa = PBXFileReference; lastKnownFileType = text.plist.xml; path = Info.plist; sourceTree = "<group>"; };
		CF1E36FA1E84CF7100675DB0 /* SwiftUI06--collectionview实现的瀑布流UITests.xctest */ = {isa = PBXFileReference; explicitFileType = wrapper.cfbundle; includeInIndex = 0; path = "SwiftUI06--collectionview实现的瀑布流UITests.xctest"; sourceTree = BUILT_PRODUCTS_DIR; };
		CF1E36FE1E84CF7100675DB0 /* SwiftUI06__collectionview______UITests.swift */ = {isa = PBXFileReference; lastKnownFileType = sourcecode.swift; path = "SwiftUI06__collectionview______UITests.swift"; sourceTree = "<group>"; };
		CF1E37001E84CF7100675DB0 /* Info.plist */ = {isa = PBXFileReference; lastKnownFileType = text.plist.xml; path = Info.plist; sourceTree = "<group>"; };
		CF1E370C1E84E10500675DB0 /* WaterCollectionViewLayout.swift */ = {isa = PBXFileReference; fileEncoding = 4; lastKnownFileType = sourcecode.swift; path = WaterCollectionViewLayout.swift; sourceTree = "<group>"; };
		CF443F971E94CAF3008B4382 /* aion1.jpg */ = {isa = PBXFileReference; lastKnownFileType = image.jpeg; path = aion1.jpg; sourceTree = "<group>"; };
		CF443F981E94CAF3008B4382 /* aion10.jpg */ = {isa = PBXFileReference; lastKnownFileType = image.jpeg; path = aion10.jpg; sourceTree = "<group>"; };
		CF443F991E94CAF3008B4382 /* aion11.jpg */ = {isa = PBXFileReference; lastKnownFileType = image.jpeg; path = aion11.jpg; sourceTree = "<group>"; };
		CF443F9A1E94CAF3008B4382 /* aion12.jpg */ = {isa = PBXFileReference; lastKnownFileType = image.jpeg; path = aion12.jpg; sourceTree = "<group>"; };
		CF443F9B1E94CAF3008B4382 /* aion2.jpg */ = {isa = PBXFileReference; lastKnownFileType = image.jpeg; path = aion2.jpg; sourceTree = "<group>"; };
		CF443F9C1E94CAF3008B4382 /* aion3.jpg */ = {isa = PBXFileReference; lastKnownFileType = image.jpeg; path = aion3.jpg; sourceTree = "<group>"; };
		CF443F9D1E94CAF3008B4382 /* aion4.jpg */ = {isa = PBXFileReference; lastKnownFileType = image.jpeg; path = aion4.jpg; sourceTree = "<group>"; };
		CF443F9E1E94CAF3008B4382 /* aion5.jpg */ = {isa = PBXFileReference; lastKnownFileType = image.jpeg; path = aion5.jpg; sourceTree = "<group>"; };
		CF443F9F1E94CAF3008B4382 /* aion6.jpg */ = {isa = PBXFileReference; lastKnownFileType = image.jpeg; path = aion6.jpg; sourceTree = "<group>"; };
		CF443FA01E94CAF3008B4382 /* aion7.jpg */ = {isa = PBXFileReference; lastKnownFileType = image.jpeg; path = aion7.jpg; sourceTree = "<group>"; };
		CF443FA11E94CAF3008B4382 /* aion8.jpg */ = {isa = PBXFileReference; lastKnownFileType = image.jpeg; path = aion8.jpg; sourceTree = "<group>"; };
		CF443FA21E94CAF3008B4382 /* aion9.jpg */ = {isa = PBXFileReference; lastKnownFileType = image.jpeg; path = aion9.jpg; sourceTree = "<group>"; };
		CF443FAF1E94D704008B4382 /* WaterButton.swift */ = {isa = PBXFileReference; fileEncoding = 4; lastKnownFileType = sourcecode.swift; path = WaterButton.swift; sourceTree = "<group>"; };
/* End PBXFileReference section */

/* Begin PBXFrameworksBuildPhase section */
		CF1E36D81E84CF7100675DB0 /* Frameworks */ = {
			isa = PBXFrameworksBuildPhase;
			buildActionMask = 2147483647;
			files = (
			);
			runOnlyForDeploymentPostprocessing = 0;
		};
		CF1E36EC1E84CF7100675DB0 /* Frameworks */ = {
			isa = PBXFrameworksBuildPhase;
			buildActionMask = 2147483647;
			files = (
			);
			runOnlyForDeploymentPostprocessing = 0;
		};
		CF1E36F71E84CF7100675DB0 /* Frameworks */ = {
			isa = PBXFrameworksBuildPhase;
			buildActionMask = 2147483647;
			files = (
			);
			runOnlyForDeploymentPostprocessing = 0;
		};
/* End PBXFrameworksBuildPhase section */

/* Begin PBXGroup section */
		CF1E36D21E84CF7100675DB0 = {
			isa = PBXGroup;
			children = (
				CF443F961E94CAF3008B4382 /* picture */,
				CF1E36DD1E84CF7100675DB0 /* SwiftUI06--collectionview实现的瀑布流 */,
				CF1E36F21E84CF7100675DB0 /* SwiftUI06--collectionview实现的瀑布流Tests */,
				CF1E36FD1E84CF7100675DB0 /* SwiftUI06--collectionview实现的瀑布流UITests */,
				CF1E36DC1E84CF7100675DB0 /* Products */,
			);
			sourceTree = "<group>";
		};
		CF1E36DC1E84CF7100675DB0 /* Products */ = {
			isa = PBXGroup;
			children = (
				CF1E36DB1E84CF7100675DB0 /* SwiftUI06--collectionview实现的瀑布流.app */,
				CF1E36EF1E84CF7100675DB0 /* SwiftUI06--collectionview实现的瀑布流Tests.xctest */,
				CF1E36FA1E84CF7100675DB0 /* SwiftUI06--collectionview实现的瀑布流UITests.xctest */,
			);
			name = Products;
			sourceTree = "<group>";
		};
		CF1E36DD1E84CF7100675DB0 /* SwiftUI06--collectionview实现的瀑布流 */ = {
			isa = PBXGroup;
			children = (
				CF1E36DE1E84CF7100675DB0 /* AppDelegate.swift */,
				CF1E36E01E84CF7100675DB0 /* ViewController.swift */,
				CF1E370C1E84E10500675DB0 /* WaterCollectionViewLayout.swift */,
				CF443FAF1E94D704008B4382 /* WaterButton.swift */,
				CF1E36E21E84CF7100675DB0 /* Main.storyboard */,
				CF1E36E51E84CF7100675DB0 /* Assets.xcassets */,
				CF1E36E71E84CF7100675DB0 /* LaunchScreen.storyboard */,
				CF1E36EA1E84CF7100675DB0 /* Info.plist */,
			);
			path = "SwiftUI06--collectionview实现的瀑布流";
			sourceTree = "<group>";
		};
		CF1E36F21E84CF7100675DB0 /* SwiftUI06--collectionview实现的瀑布流Tests */ = {
			isa = PBXGroup;
			children = (
				CF1E36F31E84CF7100675DB0 /* SwiftUI06__collectionview______Tests.swift */,
				CF1E36F51E84CF7100675DB0 /* Info.plist */,
			);
			path = "SwiftUI06--collectionview实现的瀑布流Tests";
			sourceTree = "<group>";
		};
		CF1E36FD1E84CF7100675DB0 /* SwiftUI06--collectionview实现的瀑布流UITests */ = {
			isa = PBXGroup;
			children = (
				CF1E36FE1E84CF7100675DB0 /* SwiftUI06__collectionview______UITests.swift */,
				CF1E37001E84CF7100675DB0 /* Info.plist */,
			);
			path = "SwiftUI06--collectionview实现的瀑布流UITests";
			sourceTree = "<group>";
		};
		CF443F961E94CAF3008B4382 /* picture */ = {
			isa = PBXGroup;
			children = (
				CF443F971E94CAF3008B4382 /* aion1.jpg */,
				CF443F981E94CAF3008B4382 /* aion10.jpg */,
				CF443F991E94CAF3008B4382 /* aion11.jpg */,
				CF443F9A1E94CAF3008B4382 /* aion12.jpg */,
				CF443F9B1E94CAF3008B4382 /* aion2.jpg */,
				CF443F9C1E94CAF3008B4382 /* aion3.jpg */,
				CF443F9D1E94CAF3008B4382 /* aion4.jpg */,
				CF443F9E1E94CAF3008B4382 /* aion5.jpg */,
				CF443F9F1E94CAF3008B4382 /* aion6.jpg */,
				CF443FA01E94CAF3008B4382 /* aion7.jpg */,
				CF443FA11E94CAF3008B4382 /* aion8.jpg */,
				CF443FA21E94CAF3008B4382 /* aion9.jpg */,
			);
			path = picture;
			sourceTree = "<group>";
		};
/* End PBXGroup section */

/* Begin PBXNativeTarget section */
		CF1E36DA1E84CF7100675DB0 /* SwiftUI06--collectionview实现的瀑布流 */ = {
			isa = PBXNativeTarget;
			buildConfigurationList = CF1E37031E84CF7100675DB0 /* Build configuration list for PBXNativeTarget "SwiftUI06--collectionview实现的瀑布流" */;
			buildPhases = (
				CF1E36D71E84CF7100675DB0 /* Sources */,
				CF1E36D81E84CF7100675DB0 /* Frameworks */,
				CF1E36D91E84CF7100675DB0 /* Resources */,
			);
			buildRules = (
			);
			dependencies = (
			);
			name = "SwiftUI06--collectionview实现的瀑布流";
			productName = "SwiftUI06--collectionview实现的瀑布流";
			productReference = CF1E36DB1E84CF7100675DB0 /* SwiftUI06--collectionview实现的瀑布流.app */;
			productType = "com.apple.product-type.application";
		};
		CF1E36EE1E84CF7100675DB0 /* SwiftUI06--collectionview实现的瀑布流Tests */ = {
			isa = PBXNativeTarget;
			buildConfigurationList = CF1E37061E84CF7100675DB0 /* Build configuration list for PBXNativeTarget "SwiftUI06--collectionview实现的瀑布流Tests" */;
			buildPhases = (
				CF1E36EB1E84CF7100675DB0 /* Sources */,
				CF1E36EC1E84CF7100675DB0 /* Frameworks */,
				CF1E36ED1E84CF7100675DB0 /* Resources */,
			);
			buildRules = (
			);
			dependencies = (
				CF1E36F11E84CF7100675DB0 /* PBXTargetDependency */,
			);
			name = "SwiftUI06--collectionview实现的瀑布流Tests";
			productName = "SwiftUI06--collectionview实现的瀑布流Tests";
			productReference = CF1E36EF1E84CF7100675DB0 /* SwiftUI06--collectionview实现的瀑布流Tests.xctest */;
			productType = "com.apple.product-type.bundle.unit-test";
		};
		CF1E36F91E84CF7100675DB0 /* SwiftUI06--collectionview实现的瀑布流UITests */ = {
			isa = PBXNativeTarget;
			buildConfigurationList = CF1E37091E84CF7100675DB0 /* Build configuration list for PBXNativeTarget "SwiftUI06--collectionview实现的瀑布流UITests" */;
			buildPhases = (
				CF1E36F61E84CF7100675DB0 /* Sources */,
				CF1E36F71E84CF7100675DB0 /* Frameworks */,
				CF1E36F81E84CF7100675DB0 /* Resources */,
			);
			buildRules = (
			);
			dependencies = (
				CF1E36FC1E84CF7100675DB0 /* PBXTargetDependency */,
			);
			name = "SwiftUI06--collectionview实现的瀑布流UITests";
			productName = "SwiftUI06--collectionview实现的瀑布流UITests";
			productReference = CF1E36FA1E84CF7100675DB0 /* SwiftUI06--collectionview实现的瀑布流UITests.xctest */;
			productType = "com.apple.product-type.bundle.ui-testing";
		};
/* End PBXNativeTarget section */

/* Begin PBXProject section */
		CF1E36D31E84CF7100675DB0 /* Project object */ = {
			isa = PBXProject;
			attributes = {
				LastSwiftUpdateCheck = 0820;
				LastUpgradeCheck = 0820;
				ORGANIZATIONNAME = UTOUU;
				TargetAttributes = {
					CF1E36DA1E84CF7100675DB0 = {
						CreatedOnToolsVersion = 8.2.1;
						DevelopmentTeam = 744C2UT6NN;
						ProvisioningStyle = Automatic;
					};
					CF1E36EE1E84CF7100675DB0 = {
						CreatedOnToolsVersion = 8.2.1;
						DevelopmentTeam = 744C2UT6NN;
						ProvisioningStyle = Automatic;
						TestTargetID = CF1E36DA1E84CF7100675DB0;
					};
					CF1E36F91E84CF7100675DB0 = {
						CreatedOnToolsVersion = 8.2.1;
						DevelopmentTeam = 744C2UT6NN;
						ProvisioningStyle = Automatic;
						TestTargetID = CF1E36DA1E84CF7100675DB0;
					};
				};
			};
			buildConfigurationList = CF1E36D61E84CF7100675DB0 /* Build configuration list for PBXProject "SwiftUI06--collectionview实现的瀑布流" */;
			compatibilityVersion = "Xcode 3.2";
			developmentRegion = English;
			hasScannedForEncodings = 0;
			knownRegions = (
				en,
				Base,
			);
			mainGroup = CF1E36D21E84CF7100675DB0;
			productRefGroup = CF1E36DC1E84CF7100675DB0 /* Products */;
			projectDirPath = "";
			projectRoot = "";
			targets = (
				CF1E36DA1E84CF7100675DB0 /* SwiftUI06--collectionview实现的瀑布流 */,
				CF1E36EE1E84CF7100675DB0 /* SwiftUI06--collectionview实现的瀑布流Tests */,
				CF1E36F91E84CF7100675DB0 /* SwiftUI06--collectionview实现的瀑布流UITests */,
			);
		};
/* End PBXProject section */

/* Begin PBXResourcesBuildPhase section */
		CF1E36D91E84CF7100675DB0 /* Resources */ = {
			isa = PBXResourcesBuildPhase;
			buildActionMask = 2147483647;
			files = (
				CF443FA61E94CAF3008B4382 /* aion12.jpg in Resources */,
				CF443FA71E94CAF3008B4382 /* aion2.jpg in Resources */,
				CF443FA81E94CAF3008B4382 /* aion3.jpg in Resources */,
				CF443FAA1E94CAF3008B4382 /* aion5.jpg in Resources */,
				CF443FA91E94CAF3008B4382 /* aion4.jpg in Resources */,
				CF443FAB1E94CAF3008B4382 /* aion6.jpg in Resources */,
				CF443FA51E94CAF3008B4382 /* aion11.jpg in Resources */,
				CF443FA31E94CAF3008B4382 /* aion1.jpg in Resources */,
				CF443FAE1E94CAF3008B4382 /* aion9.jpg in Resources */,
				CF1E36E91E84CF7100675DB0 /* LaunchScreen.storyboard in Resources */,
				CF1E36E61E84CF7100675DB0 /* Assets.xcassets in Resources */,
				CF443FA41E94CAF3008B4382 /* aion10.jpg in Resources */,
				CF443FAD1E94CAF3008B4382 /* aion8.jpg in Resources */,
				CF443FAC1E94CAF3008B4382 /* aion7.jpg in Resources */,
				CF1E36E41E84CF7100675DB0 /* Main.storyboard in Resources */,
			);
			runOnlyForDeploymentPostprocessing = 0;
		};
		CF1E36ED1E84CF7100675DB0 /* Resources */ = {
			isa = PBXResourcesBuildPhase;
			buildActionMask = 2147483647;
			files = (
			);
			runOnlyForDeploymentPostprocessing = 0;
		};
		CF1E36F81E84CF7100675DB0 /* Resources */ = {
			isa = PBXResourcesBuildPhase;
			buildActionMask = 2147483647;
			files = (
			);
			runOnlyForDeploymentPostprocessing = 0;
		};
/* End PBXResourcesBuildPhase section */

/* Begin PBXSourcesBuildPhase section */
		CF1E36D71E84CF7100675DB0 /* Sources */ = {
			isa = PBXSourcesBuildPhase;
			buildActionMask = 2147483647;
			files = (
				CF1E370D1E84E10500675DB0 /* WaterCollectionViewLayout.swift in Sources */,
				CF1E36E11E84CF7100675DB0 /* ViewController.swift in Sources */,
				CF1E36DF1E84CF7100675DB0 /* AppDelegate.swift in Sources */,
				CF443FB01E94D704008B4382 /* WaterButton.swift in Sources */,
			);
			runOnlyForDeploymentPostprocessing = 0;
		};
		CF1E36EB1E84CF7100675DB0 /* Sources */ = {
			isa = PBXSourcesBuildPhase;
			buildActionMask = 2147483647;
			files = (
				CF1E36F41E84CF7100675DB0 /* SwiftUI06__collectionview______Tests.swift in Sources */,
			);
			runOnlyForDeploymentPostprocessing = 0;
		};
		CF1E36F61E84CF7100675DB0 /* Sources */ = {
			isa = PBXSourcesBuildPhase;
			buildActionMask = 2147483647;
			files = (
				CF1E36FF1E84CF7100675DB0 /* SwiftUI06__collectionview______UITests.swift in Sources */,
			);
			runOnlyForDeploymentPostprocessing = 0;
		};
/* End PBXSourcesBuildPhase section */

/* Begin PBXTargetDependency section */
		CF1E36F11E84CF7100675DB0 /* PBXTargetDependency */ = {
			isa = PBXTargetDependency;
			target = CF1E36DA1E84CF7100675DB0 /* SwiftUI06--collectionview实现的瀑布流 */;
			targetProxy = CF1E36F01E84CF7100675DB0 /* PBXContainerItemProxy */;
		};
		CF1E36FC1E84CF7100675DB0 /* PBXTargetDependency */ = {
			isa = PBXTargetDependency;
			target = CF1E36DA1E84CF7100675DB0 /* SwiftUI06--collectionview实现的瀑布流 */;
			targetProxy = CF1E36FB1E84CF7100675DB0 /* PBXContainerItemProxy */;
		};
/* End PBXTargetDependency section */

/* Begin PBXVariantGroup section */
		CF1E36E21E84CF7100675DB0 /* Main.storyboard */ = {
			isa = PBXVariantGroup;
			children = (
				CF1E36E31E84CF7100675DB0 /* Base */,
			);
			name = Main.storyboard;
			sourceTree = "<group>";
		};
		CF1E36E71E84CF7100675DB0 /* LaunchScreen.storyboard */ = {
			isa = PBXVariantGroup;
			children = (
				CF1E36E81E84CF7100675DB0 /* Base */,
			);
			name = LaunchScreen.storyboard;
			sourceTree = "<group>";
		};
/* End PBXVariantGroup section */

/* Begin XCBuildConfiguration section */
		CF1E37011E84CF7100675DB0 /* Debug */ = {
			isa = XCBuildConfiguration;
			buildSettings = {
				ALWAYS_SEARCH_USER_PATHS = NO;
				CLANG_ANALYZER_NONNULL = YES;
				CLANG_CXX_LANGUAGE_STANDARD = "gnu++0x";
				CLANG_CXX_LIBRARY = "libc++";
				CLANG_ENABLE_MODULES = YES;
				CLANG_ENABLE_OBJC_ARC = YES;
				CLANG_WARN_BOOL_CONVERSION = YES;
				CLANG_WARN_CONSTANT_CONVERSION = YES;
				CLANG_WARN_DIRECT_OBJC_ISA_USAGE = YES_ERROR;
				CLANG_WARN_DOCUMENTATION_COMMENTS = YES;
				CLANG_WARN_EMPTY_BODY = YES;
				CLANG_WARN_ENUM_CONVERSION = YES;
				CLANG_WARN_INFINITE_RECURSION = YES;
				CLANG_WARN_INT_CONVERSION = YES;
				CLANG_WARN_OBJC_ROOT_CLASS = YES_ERROR;
				CLANG_WARN_SUSPICIOUS_MOVE = YES;
				CLANG_WARN_UNREACHABLE_CODE = YES;
				CLANG_WARN__DUPLICATE_METHOD_MATCH = YES;
				"CODE_SIGN_IDENTITY[sdk=iphoneos*]" = "iPhone Developer";
				COPY_PHASE_STRIP = NO;
				DEBUG_INFORMATION_FORMAT = dwarf;
				ENABLE_STRICT_OBJC_MSGSEND = YES;
				ENABLE_TESTABILITY = YES;
				GCC_C_LANGUAGE_STANDARD = gnu99;
				GCC_DYNAMIC_NO_PIC = NO;
				GCC_NO_COMMON_BLOCKS = YES;
				GCC_OPTIMIZATION_LEVEL = 0;
				GCC_PREPROCESSOR_DEFINITIONS = (
					"DEBUG=1",
					"$(inherited)",
				);
				GCC_WARN_64_TO_32_BIT_CONVERSION = YES;
				GCC_WARN_ABOUT_RETURN_TYPE = YES_ERROR;
				GCC_WARN_UNDECLARED_SELECTOR = YES;
				GCC_WARN_UNINITIALIZED_AUTOS = YES_AGGRESSIVE;
				GCC_WARN_UNUSED_FUNCTION = YES;
				GCC_WARN_UNUSED_VARIABLE = YES;
				IPHONEOS_DEPLOYMENT_TARGET = 10.2;
				MTL_ENABLE_DEBUG_INFO = YES;
				ONLY_ACTIVE_ARCH = YES;
				SDKROOT = iphoneos;
				SWIFT_ACTIVE_COMPILATION_CONDITIONS = DEBUG;
				SWIFT_OPTIMIZATION_LEVEL = "-Onone";
				TARGETED_DEVICE_FAMILY = "1,2";
			};
			name = Debug;
		};
		CF1E37021E84CF7100675DB0 /* Release */ = {
			isa = XCBuildConfiguration;
			buildSettings = {
				ALWAYS_SEARCH_USER_PATHS = NO;
				CLANG_ANALYZER_NONNULL = YES;
				CLANG_CXX_LANGUAGE_STANDARD = "gnu++0x";
				CLANG_CXX_LIBRARY = "libc++";
				CLANG_ENABLE_MODULES = YES;
				CLANG_ENABLE_OBJC_ARC = YES;
				CLANG_WARN_BOOL_CONVERSION = YES;
				CLANG_WARN_CONSTANT_CONVERSION = YES;
				CLANG_WARN_DIRECT_OBJC_ISA_USAGE = YES_ERROR;
				CLANG_WARN_DOCUMENTATION_COMMENTS = YES;
				CLANG_WARN_EMPTY_BODY = YES;
				CLANG_WARN_ENUM_CONVERSION = YES;
				CLANG_WARN_INFINITE_RECURSION = YES;
				CLANG_WARN_INT_CONVERSION = YES;
				CLANG_WARN_OBJC_ROOT_CLASS = YES_ERROR;
				CLANG_WARN_SUSPICIOUS_MOVE = YES;
				CLANG_WARN_UNREACHABLE_CODE = YES;
				CLANG_WARN__DUPLICATE_METHOD_MATCH = YES;
				"CODE_SIGN_IDENTITY[sdk=iphoneos*]" = "iPhone Developer";
				COPY_PHASE_STRIP = NO;
				DEBUG_INFORMATION_FORMAT = "dwarf-with-dsym";
				ENABLE_NS_ASSERTIONS = NO;
				ENABLE_STRICT_OBJC_MSGSEND = YES;
				GCC_C_LANGUAGE_STANDARD = gnu99;
				GCC_NO_COMMON_BLOCKS = YES;
				GCC_WARN_64_TO_32_BIT_CONVERSION = YES;
				GCC_WARN_ABOUT_RETURN_TYPE = YES_ERROR;
				GCC_WARN_UNDECLARED_SELECTOR = YES;
				GCC_WARN_UNINITIALIZED_AUTOS = YES_AGGRESSIVE;
				GCC_WARN_UNUSED_FUNCTION = YES;
				GCC_WARN_UNUSED_VARIABLE = YES;
				IPHONEOS_DEPLOYMENT_TARGET = 10.2;
				MTL_ENABLE_DEBUG_INFO = NO;
				SDKROOT = iphoneos;
				SWIFT_OPTIMIZATION_LEVEL = "-Owholemodule";
				TARGETED_DEVICE_FAMILY = "1,2";
				VALIDATE_PRODUCT = YES;
			};
			name = Release;
		};
		CF1E37041E84CF7100675DB0 /* Debug */ = {
			isa = XCBuildConfiguration;
			buildSettings = {
				ASSETCATALOG_COMPILER_APPICON_NAME = AppIcon;
				DEVELOPMENT_TEAM = 744C2UT6NN;
				INFOPLIST_FILE = "SwiftUI06--collectionview实现的瀑布流/Info.plist";
				LD_RUNPATH_SEARCH_PATHS = "$(inherited) @executable_path/Frameworks";
				PRODUCT_BUNDLE_IDENTIFIER = "cn.utsoft.SwiftUI06--collectionview------";
				PRODUCT_NAME = "$(TARGET_NAME)";
				SWIFT_VERSION = 3.0;
			};
			name = Debug;
		};
		CF1E37051E84CF7100675DB0 /* Release */ = {
			isa = XCBuildConfiguration;
			buildSettings = {
				ASSETCATALOG_COMPILER_APPICON_NAME = AppIcon;
				DEVELOPMENT_TEAM = 744C2UT6NN;
				INFOPLIST_FILE = "SwiftUI06--collectionview实现的瀑布流/Info.plist";
				LD_RUNPATH_SEARCH_PATHS = "$(inherited) @executable_path/Frameworks";
				PRODUCT_BUNDLE_IDENTIFIER = "cn.utsoft.SwiftUI06--collectionview------";
				PRODUCT_NAME = "$(TARGET_NAME)";
				SWIFT_VERSION = 3.0;
			};
			name = Release;
		};
		CF1E37071E84CF7100675DB0 /* Debug */ = {
			isa = XCBuildConfiguration;
			buildSettings = {
				ALWAYS_EMBED_SWIFT_STANDARD_LIBRARIES = YES;
				BUNDLE_LOADER = "$(TEST_HOST)";
				DEVELOPMENT_TEAM = 744C2UT6NN;
				INFOPLIST_FILE = "SwiftUI06--collectionview实现的瀑布流Tests/Info.plist";
				LD_RUNPATH_SEARCH_PATHS = "$(inherited) @executable_path/Frameworks @loader_path/Frameworks";
				PRODUCT_BUNDLE_IDENTIFIER = "cn.utsoft.SwiftUI06--collectionview------Tests";
				PRODUCT_NAME = "$(TARGET_NAME)";
				SWIFT_VERSION = 3.0;
				TEST_HOST = "$(BUILT_PRODUCTS_DIR)/SwiftUI06--collectionview实现的瀑布流.app/SwiftUI06--collectionview实现的瀑布流";
			};
			name = Debug;
		};
		CF1E37081E84CF7100675DB0 /* Release */ = {
			isa = XCBuildConfiguration;
			buildSettings = {
				ALWAYS_EMBED_SWIFT_STANDARD_LIBRARIES = YES;
				BUNDLE_LOADER = "$(TEST_HOST)";
				DEVELOPMENT_TEAM = 744C2UT6NN;
				INFOPLIST_FILE = "SwiftUI06--collectionview实现的瀑布流Tests/Info.plist";
				LD_RUNPATH_SEARCH_PATHS = "$(inherited) @executable_path/Frameworks @loader_path/Frameworks";
				PRODUCT_BUNDLE_IDENTIFIER = "cn.utsoft.SwiftUI06--collectionview------Tests";
				PRODUCT_NAME = "$(TARGET_NAME)";
				SWIFT_VERSION = 3.0;
				TEST_HOST = "$(BUILT_PRODUCTS_DIR)/SwiftUI06--collectionview实现的瀑布流.app/SwiftUI06--collectionview实现的瀑布流";
			};
			name = Release;
		};
		CF1E370A1E84CF7100675DB0 /* Debug */ = {
			isa = XCBuildConfiguration;
			buildSettings = {
				ALWAYS_EMBED_SWIFT_STANDARD_LIBRARIES = YES;
				DEVELOPMENT_TEAM = 744C2UT6NN;
				INFOPLIST_FILE = "SwiftUI06--collectionview实现的瀑布流UITests/Info.plist";
				LD_RUNPATH_SEARCH_PATHS = "$(inherited) @executable_path/Frameworks @loader_path/Frameworks";
				PRODUCT_BUNDLE_IDENTIFIER = "cn.utsoft.SwiftUI06--collectionview------UITests";
				PRODUCT_NAME = "$(TARGET_NAME)";
				SWIFT_VERSION = 3.0;
				TEST_TARGET_NAME = "SwiftUI06--collectionview实现的瀑布流";
			};
			name = Debug;
		};
		CF1E370B1E84CF7100675DB0 /* Release */ = {
			isa = XCBuildConfiguration;
			buildSettings = {
				ALWAYS_EMBED_SWIFT_STANDARD_LIBRARIES = YES;
				DEVELOPMENT_TEAM = 744C2UT6NN;
				INFOPLIST_FILE = "SwiftUI06--collectionview实现的瀑布流UITests/Info.plist";
				LD_RUNPATH_SEARCH_PATHS = "$(inherited) @executable_path/Frameworks @loader_path/Frameworks";
				PRODUCT_BUNDLE_IDENTIFIER = "cn.utsoft.SwiftUI06--collectionview------UITests";
				PRODUCT_NAME = "$(TARGET_NAME)";
				SWIFT_VERSION = 3.0;
				TEST_TARGET_NAME = "SwiftUI06--collectionview实现的瀑布流";
			};
			name = Release;
		};
/* End XCBuildConfiguration section */

/* Begin XCConfigurationList section */
		CF1E36D61E84CF7100675DB0 /* Build configuration list for PBXProject "SwiftUI06--collectionview实现的瀑布流" */ = {
			isa = XCConfigurationList;
			buildConfigurations = (
				CF1E37011E84CF7100675DB0 /* Debug */,
				CF1E37021E84CF7100675DB0 /* Release */,
			);
			defaultConfigurationIsVisible = 0;
			defaultConfigurationName = Release;
		};
		CF1E37031E84CF7100675DB0 /* Build configuration list for PBXNativeTarget "SwiftUI06--collectionview实现的瀑布流" */ = {
			isa = XCConfigurationList;
			buildConfigurations = (
				CF1E37041E84CF7100675DB0 /* Debug */,
				CF1E37051E84CF7100675DB0 /* Release */,
			);
			defaultConfigurationIsVisible = 0;
			defaultConfigurationName = Release;
		};
		CF1E37061E84CF7100675DB0 /* Build configuration list for PBXNativeTarget "SwiftUI06--collectionview实现的瀑布流Tests" */ = {
			isa = XCConfigurationList;
			buildConfigurations = (
				CF1E37071E84CF7100675DB0 /* Debug */,
				CF1E37081E84CF7100675DB0 /* Release */,
			);
			defaultConfigurationIsVisible = 0;
			defaultConfigurationName = Release;
		};
		CF1E37091E84CF7100675DB0 /* Build configuration list for PBXNativeTarget "SwiftUI06--collectionview实现的瀑布流UITests" */ = {
			isa = XCConfigurationList;
			buildConfigurations = (
				CF1E370A1E84CF7100675DB0 /* Debug */,
				CF1E370B1E84CF7100675DB0 /* Release */,
			);
			defaultConfigurationIsVisible = 0;
			defaultConfigurationName = Release;
		};
/* End XCConfigurationList section */
	};
	rootObject = CF1E36D31E84CF7100675DB0 /* Project object */;
}
